// !$*UTF8*$!
{
	archiveVersion = 1;
	classes = {
	};
	objectVersion = 46;
	objects = {

/* Begin PBXBuildFile section */
		ECB3B5911E04DD820082260F /* AppDelegate.swift in Sources */ = {isa = PBXBuildFile; fileRef = ECB3B5901E04DD820082260F /* AppDelegate.swift */; };
		ECB3B5931E04DD820082260F /* ViewController.swift in Sources */ = {isa = PBXBuildFile; fileRef = ECB3B5921E04DD820082260F /* ViewController.swift */; };
		ECB3B5961E04DD820082260F /* Main.storyboard in Resources */ = {isa = PBXBuildFile; fileRef = ECB3B5941E04DD820082260F /* Main.storyboard */; };
		ECB3B5981E04DD820082260F /* Assets.xcassets in Resources */ = {isa = PBXBuildFile; fileRef = ECB3B5971E04DD820082260F /* Assets.xcassets */; };
		ECB3B59B1E04DD820082260F /* LaunchScreen.storyboard in Resources */ = {isa = PBXBuildFile; fileRef = ECB3B5991E04DD820082260F /* LaunchScreen.storyboard */; };
/* End PBXBuildFile section */

/* Begin PBXFileReference section */
		ECB3B58D1E04DD820082260F /* ArticleMVP.app */ = {isa = PBXFileReference; explicitFileType = wrapper.application; includeInIndex = 0; path = ArticleMVP.app; sourceTree = BUILT_PRODUCTS_DIR; };
		ECB3B5901E04DD820082260F /* AppDelegate.swift */ = {isa = PBXFileReference; lastKnownFileType = sourcecode.swift; path = AppDelegate.swift; sourceTree = "<group>"; };
		ECB3B5921E04DD820082260F /* ViewController.swift */ = {isa = PBXFileReference; lastKnownFileType = sourcecode.swift; path = ViewController.swift; sourceTree = "<group>"; };
		ECB3B5951E04DD820082260F /* Base */ = {isa = PBXFileReference; lastKnownFileType = file.storyboard; name = Base; path = Base.lproj/Main.storyboard; sourceTree = "<group>"; };
		ECB3B5971E04DD820082260F /* Assets.xcassets */ = {isa = PBXFileReference; lastKnownFileType = folder.assetcatalog; path = Assets.xcassets; sourceTree = "<group>"; };
		ECB3B59A1E04DD820082260F /* Base */ = {isa = PBXFileReference; lastKnownFileType = file.storyboard; name = Base; path = Base.lproj/LaunchScreen.storyboard; sourceTree = "<group>"; };
		ECB3B59C1E04DD820082260F /* Info.plist */ = {isa = PBXFileReference; lastKnownFileType = text.plist.xml; path = Info.plist; sourceTree = "<group>"; };
/* End PBXFileReference section */

/* Begin PBXFrameworksBuildPhase section */
		ECB3B58A1E04DD820082260F /* Frameworks */ = {
			isa = PBXFrameworksBuildPhase;
			buildActionMask = 2147483647;
			files = (
			);
			runOnlyForDeploymentPostprocessing = 0;
		};
/* End PBXFrameworksBuildPhase section */

/* Begin PBXGroup section */
		ECB3B5841E04DD820082260F = {
			isa = PBXGroup;
			children = (
				ECB3B58F1E04DD820082260F /* ArticleMVP */,
				ECB3B58E1E04DD820082260F /* Products */,
			);
			sourceTree = "<group>";
		};
		ECB3B58E1E04DD820082260F /* Products */ = {
			isa = PBXGroup;
			children = (
				ECB3B58D1E04DD820082260F /* ArticleMVP.app */,
			);
			name = Products;
			sourceTree = "<group>";
		};
		ECB3B58F1E04DD820082260F /* ArticleMVP */ = {
			isa = PBXGroup;
			children = (
				ECB3B5901E04DD820082260F /* AppDelegate.swift */,
				ECB3B5921E04DD820082260F /* ViewController.swift */,
				ECB3B5941E04DD820082260F /* Main.storyboard */,
				ECB3B5971E04DD820082260F /* Assets.xcassets */,
				ECB3B5991E04DD820082260F /* LaunchScreen.storyboard */,
				ECB3B59C1E04DD820082260F /* Info.plist */,
			);
			path = ArticleMVP;
			sourceTree = "<group>";
		};
/* End PBXGroup section */

/* Begin PBXNativeTarget section */
		ECB3B58C1E04DD820082260F /* ArticleMVP */ = {
			isa = PBXNativeTarget;
			buildConfigurationList = ECB3B59F1E04DD820082260F /* Build configuration list for PBXNativeTarget "ArticleMVP" */;
			buildPhases = (
				ECB3B5891E04DD820082260F /* Sources */,
				ECB3B58A1E04DD820082260F /* Frameworks */,
				ECB3B58B1E04DD820082260F /* Resources */,
			);
			buildRules = (
			);
			dependencies = (
			);
			name = ArticleMVP;
			productName = ArticleMVP;
			productReference = ECB3B58D1E04DD820082260F /* ArticleMVP.app */;
			productType = "com.apple.product-type.application";
		};
/* End PBXNativeTarget section */

/* Begin PBXProject section */
		ECB3B5851E04DD820082260F /* Project object */ = {
			isa = PBXProject;
			attributes = {
				LastSwiftUpdateCheck = 0810;
				LastUpgradeCheck = 0810;
				ORGANIZATIONNAME = KSHRD;
				TargetAttributes = {
					ECB3B58C1E04DD820082260F = {
						CreatedOnToolsVersion = 8.1;
						ProvisioningStyle = Automatic;
					};
				};
			};
			buildConfigurationList = ECB3B5881E04DD820082260F /* Build configuration list for PBXProject "ArticleMVP" */;
			compatibilityVersion = "Xcode 3.2";
			developmentRegion = English;
			hasScannedForEncodings = 0;
			knownRegions = (
				en,
				Base,
			);
			mainGroup = ECB3B5841E04DD820082260F;
			productRefGroup = ECB3B58E1E04DD820082260F /* Products */;
			projectDirPath = "";
			projectRoot = "";
			targets = (
				ECB3B58C1E04DD820082260F /* ArticleMVP */,
			);
		};
/* End PBXProject section */

/* Begin PBXResourcesBuildPhase section */
		ECB3B58B1E04DD820082260F /* Resources */ = {
			isa = PBXResourcesBuildPhase;
			buildActionMask = 2147483647;
			files = (
				ECB3B59B1E04DD820082260F /* LaunchScreen.storyboard in Resources */,
				ECB3B5981E04DD820082260F /* Assets.xcassets in Resources */,
				ECB3B5961E04DD820082260F /* Main.storyboard in Resources */,
			);
			runOnlyForDeploymentPostprocessing = 0;
		};
/* End PBXResourcesBuildPhase section */

/* Begin PBXSourcesBuildPhase section */
		ECB3B5891E04DD820082260F /* Sources */ = {
			isa = PBXSourcesBuildPhase;
			buildActionMask = 2147483647;
			files = (
				ECB3B5931E04DD820082260F /* ViewController.swift in Sources */,
				ECB3B5911E04DD820082260F /* AppDelegate.swift in Sources */,
			);
			runOnlyForDeploymentPostprocessing = 0;
		};
/* End PBXSourcesBuildPhase section */

/* Begin PBXVariantGroup section */
		ECB3B5941E04DD820082260F /* Main.storyboard */ = {
			isa = PBXVariantGroup;
			children = (
				ECB3B5951E04DD820082260F /* Base */,
			);
			name = Main.storyboard;
			sourceTree = "<group>";
		};
		ECB3B5991E04DD820082260F /* LaunchScreen.storyboard */ = {
			isa = PBXVariantGroup;
			children = (
				ECB3B59A1E04DD820082260F /* Base */,
			);
			name = LaunchScreen.storyboard;
			sourceTree = "<group>";
		};
/* End PBXVariantGroup section */

/* Begin XCBuildConfiguration section */
		ECB3B59D1E04DD820082260F /* Debug */ = {
			isa = XCBuildConfiguration;
			buildSettings = {
				ALWAYS_SEARCH_USER_PATHS = NO;
				CLANG_ANALYZER_NONNULL = YES;
				CLANG_CXX_LANGUAGE_STANDARD = "gnu++0x";
				CLANG_CXX_LIBRARY = "libc++";
				CLANG_ENABLE_MODULES = YES;
				CLANG_ENABLE_OBJC_ARC = YES;
				CLANG_WARN_BOOL_CONVERSION = YES;
				CLANG_WARN_CONSTANT_CONVERSION = YES;
				CLANG_WARN_DIRECT_OBJC_ISA_USAGE = YES_ERROR;
				CLANG_WARN_DOCUMENTATION_COMMENTS = YES;
				CLANG_WARN_EMPTY_BODY = YES;
				CLANG_WARN_ENUM_CONVERSION = YES;
				CLANG_WARN_INFINITE_RECURSION = YES;
				CLANG_WARN_INT_CONVERSION = YES;
				CLANG_WARN_OBJC_ROOT_CLASS = YES_ERROR;
				CLANG_WARN_SUSPICIOUS_MOVES = YES;
				CLANG_WARN_UNREACHABLE_CODE = YES;
				CLANG_WARN__DUPLICATE_METHOD_MATCH = YES;
				"CODE_SIGN_IDENTITY[sdk=iphoneos*]" = "iPhone Developer";
				COPY_PHASE_STRIP = NO;
				DEBUG_INFORMATION_FORMAT = dwarf;
				ENABLE_STRICT_OBJC_MSGSEND = YES;
				ENABLE_TESTABILITY = YES;
				GCC_C_LANGUAGE_STANDARD = gnu99;
				GCC_DYNAMIC_NO_PIC = NO;
				GCC_NO_COMMON_BLOCKS = YES;
				GCC_OPTIMIZATION_LEVEL = 0;
				GCC_PREPROCESSOR_DEFINITIONS = (
					"DEBUG=1",
					"$(inherited)",
				);
				GCC_WARN_64_TO_32_BIT_CONVERSION = YES;
				GCC_WARN_ABOUT_RETURN_TYPE = YES_ERROR;
				GCC_WARN_UNDECLARED_SELECTOR = YES;
				GCC_WARN_UNINITIALIZED_AUTOS = YES_AGGRESSIVE;
				GCC_WARN_UNUSED_FUNCTION = YES;
				GCC_WARN_UNUSED_VARIABLE = YES;
				IPHONEOS_DEPLOYMENT_TARGET = 10.1;
				MTL_ENABLE_DEBUG_INFO = YES;
				ONLY_ACTIVE_ARCH = YES;
				SDKROOT = iphoneos;
				SWIFT_ACTIVE_COMPILATION_CONDITIONS = DEBUG;
				SWIFT_OPTIMIZATION_LEVEL = "-Onone";
			};
			name = Debug;
		};
		ECB3B59E1E04DD820082260F /* Release */ = {
			isa = XCBuildConfiguration;
			buildSettings = {
				ALWAYS_SEARCH_USER_PATHS = NO;
				CLANG_ANALYZER_NONNULL = YES;
				CLANG_CXX_LANGUAGE_STANDARD = "gnu++0x";
				CLANG_CXX_LIBRARY = "libc++";
				CLANG_ENABLE_MODULES = YES;
				CLANG_ENABLE_OBJC_ARC = YES;
				CLANG_WARN_BOOL_CONVERSION = YES;
				CLANG_WARN_CONSTANT_CONVERSION = YES;
				CLANG_WARN_DIRECT_OBJC_ISA_USAGE = YES_ERROR;
				CLANG_WARN_DOCUMENTATION_COMMENTS = YES;
				CLANG_WARN_EMPTY_BODY = YES;
				CLANG_WARN_ENUM_CONVERSION = YES;
				CLANG_WARN_INFINITE_RECURSION = YES;
				CLANG_WARN_INT_CONVERSION = YES;
				CLANG_WARN_OBJC_ROOT_CLASS = YES_ERROR;
				CLANG_WARN_SUSPICIOUS_MOVES = YES;
				CLANG_WARN_UNREACHABLE_CODE = YES;
				CLANG_WARN__DUPLICATE_METHOD_MATCH = YES;
				"CODE_SIGN_IDENTITY[sdk=iphoneos*]" = "iPhone Developer";
				COPY_PHASE_STRIP = NO;
				DEBUG_INFORMATION_FORMAT = "dwarf-with-dsym";
				ENABLE_NS_ASSERTIONS = NO;
				ENABLE_STRICT_OBJC_MSGSEND = YES;
				GCC_C_LANGUAGE_STANDARD = gnu99;
				GCC_NO_COMMON_BLOCKS = YES;
				GCC_WARN_64_TO_32_BIT_CONVERSION = YES;
				GCC_WARN_ABOUT_RETURN_TYPE = YES_ERROR;
				GCC_WARN_UNDECLARED_SELECTOR = YES;
				GCC_WARN_UNINITIALIZED_AUTOS = YES_AGGRESSIVE;
				GCC_WARN_UNUSED_FUNCTION = YES;
				GCC_WARN_UNUSED_VARIABLE = YES;
				IPHONEOS_DEPLOYMENT_TARGET = 10.1;
				MTL_ENABLE_DEBUG_INFO = NO;
				SDKROOT = iphoneos;
				SWIFT_OPTIMIZATION_LEVEL = "-Owholemodule";
				VALIDATE_PRODUCT = YES;
			};
			name = Release;
		};
		ECB3B5A01E04DD820082260F /* Debug */ = {
			isa = XCBuildConfiguration;
			buildSettings = {
				ASSETCATALOG_COMPILER_APPICON_NAME = AppIcon;
				INFOPLIST_FILE = ArticleMVP/Info.plist;
				LD_RUNPATH_SEARCH_PATHS = "$(inherited) @executable_path/Frameworks";
				PRODUCT_BUNDLE_IDENTIFIER = com.ArticleMVP;
				PRODUCT_NAME = "$(TARGET_NAME)";
				SWIFT_VERSION = 3.0;
			};
			name = Debug;
		};
		ECB3B5A11E04DD820082260F /* Release */ = {
			isa = XCBuildConfiguration;
			buildSettings = {
				ASSETCATALOG_COMPILER_APPICON_NAME = AppIcon;
				INFOPLIST_FILE = ArticleMVP/Info.plist;
				LD_RUNPATH_SEARCH_PATHS = "$(inherited) @executable_path/Frameworks";
				PRODUCT_BUNDLE_IDENTIFIER = com.ArticleMVP;
				PRODUCT_NAME = "$(TARGET_NAME)";
				SWIFT_VERSION = 3.0;
			};
			name = Release;
		};
/* End XCBuildConfiguration section */

/* Begin XCConfigurationList section */
		ECB3B5881E04DD820082260F /* Build configuration list for PBXProject "ArticleMVP" */ = {
			isa = XCConfigurationList;
			buildConfigurations = (
				ECB3B59D1E04DD820082260F /* Debug */,
				ECB3B59E1E04DD820082260F /* Release */,
			);
			defaultConfigurationIsVisible = 0;
			defaultConfigurationName = Release;
		};
		ECB3B59F1E04DD820082260F /* Build configuration list for PBXNativeTarget "ArticleMVP" */ = {
			isa = XCConfigurationList;
			buildConfigurations = (
				ECB3B5A01E04DD820082260F /* Debug */,
				ECB3B5A11E04DD820082260F /* Release */,
			);
			defaultConfigurationIsVisible = 0;
		};
/* End XCConfigurationList section */
	};
	rootObject = ECB3B5851E04DD820082260F /* Project object */;
}
